
Microsoft Visual Studio Solution File, Format Version 12.00
# Visual Studio Version 16
VisualStudioVersion = 16.0.32602.291
MinimumVisualStudioVersion = 10.0.40219.1
Project("{9A19103F-16F7-4668-BE54-9A1E7A4F7556}") = "Evolution", "Evolution\Evolution.csproj", "{C11E2708-658B-4048-9AF5-507E2D28A2C8}"
EndProject
Global
	GlobalSection(SolutionConfigurationPlatforms) = preSolution
		Debug|Any CPU = Debug|Any CPU
		Release|Any CPU = Release|Any CPU
	EndGlobalSection
	GlobalSection(ProjectConfigurationPlatforms) = postSolution
		{C11E2708-658B-4048-9AF5-507E2D28A2C8}.Debug|Any CPU.ActiveCfg = Debug|Any CPU
		{C11E2708-658B-4048-9AF5-507E2D28A2C8}.Debug|Any CPU.Build.0 = Debug|Any CPU
		{C11E2708-658B-4048-9AF5-507E2D28A2C8}.Release|Any CPU.ActiveCfg = Release|Any CPU
		{C11E2708-658B-4048-9AF5-507E2D28A2C8}.Release|Any CPU.Build.0 = Release|Any CPU
	EndGlobalSection
	GlobalSection(SolutionProperties) = preSolution
		HideSolutionNode = FALSE
	EndGlobalSection
	GlobalSection(ExtensibilityGlobals) = postSolution
		SolutionGuid = {935C16F9-2590-4832-B568-F98F0CD104BC}
	EndGlobalSection
EndGlobal
